
Microsoft Visual Studio Solution File, Format Version 12.00
# Visual Studio 2012
Project("{FAE04EC0-301F-11D3-BF4B-00C04F79EFBC}") = "CR_WrapInTryFunction", "CR_WrapInTryFunction\CR_WrapInTryFunction.csproj", "{17C77E7D-6F48-4C79-96D5-EF695C37EEFF}"
EndProject
Global
	GlobalSection(SolutionConfigurationPlatforms) = preSolution
		Debug|Any CPU = Debug|Any CPU
		Release|Any CPU = Release|Any CPU
	EndGlobalSection
	GlobalSection(ProjectConfigurationPlatforms) = postSolution
		{17C77E7D-6F48-4C79-96D5-EF695C37EEFF}.Debug|Any CPU.ActiveCfg = Debug|Any CPU
		{17C77E7D-6F48-4C79-96D5-EF695C37EEFF}.Debug|Any CPU.Build.0 = Debug|Any CPU
		{17C77E7D-6F48-4C79-96D5-EF695C37EEFF}.Release|Any CPU.ActiveCfg = Release|Any CPU
		{17C77E7D-6F48-4C79-96D5-EF695C37EEFF}.Release|Any CPU.Build.0 = Release|Any CPU
	EndGlobalSection
	GlobalSection(SolutionProperties) = preSolution
		HideSolutionNode = FALSE
	EndGlobalSection
EndGlobal
